// !$*UTF8*$!
{
	archiveVersion = 1;
	classes = {
	};
	objectVersion = 46;
	objects = {

/* Begin PBXBuildFile section */
		F312E08B1D85432E00168585 /* StudentClassCoreDataDAOImpl.h in Headers */ = {isa = PBXBuildFile; fileRef = F312E0891D85432E00168585 /* StudentClassCoreDataDAOImpl.h */; };
		F312E08C1D85432E00168585 /* StudentClassCoreDataDAOImpl.m in Sources */ = {isa = PBXBuildFile; fileRef = F312E08A1D85432E00168585 /* StudentClassCoreDataDAOImpl.m */; };
		F312E0901D85497800168585 /* TeacherRealmDAOImpl.h in Headers */ = {isa = PBXBuildFile; fileRef = F312E08E1D85497800168585 /* TeacherRealmDAOImpl.h */; };
		F312E0911D85497800168585 /* TeacherRealmDAOImpl.m in Sources */ = {isa = PBXBuildFile; fileRef = F312E08F1D85497800168585 /* TeacherRealmDAOImpl.m */; };
		F312E0941D8549D800168585 /* StudentClassRealmDAOImpl.h in Headers */ = {isa = PBXBuildFile; fileRef = F312E0921D8549D800168585 /* StudentClassRealmDAOImpl.h */; };
		F312E0951D8549D800168585 /* StudentClassRealmDAOImpl.m in Sources */ = {isa = PBXBuildFile; fileRef = F312E0931D8549D800168585 /* StudentClassRealmDAOImpl.m */; };
		F312E0981D854A0700168585 /* RootRealmDAOImpl.h in Headers */ = {isa = PBXBuildFile; fileRef = F312E0961D854A0700168585 /* RootRealmDAOImpl.h */; };
		F312E0991D854A0700168585 /* RootRealmDAOImpl.m in Sources */ = {isa = PBXBuildFile; fileRef = F312E0971D854A0700168585 /* RootRealmDAOImpl.m */; };
		F326402C1D8B0F8D001C160E /* DAOTableView.h in Headers */ = {isa = PBXBuildFile; fileRef = F326402A1D8B0F8D001C160E /* DAOTableView.h */; };
		F326402D1D8B0F8D001C160E /* DAOTableView.m in Sources */ = {isa = PBXBuildFile; fileRef = F326402B1D8B0F8D001C160E /* DAOTableView.m */; };
		F32640301D8B0FA6001C160E /* ActiveRecordTableView.h in Headers */ = {isa = PBXBuildFile; fileRef = F326402E1D8B0FA6001C160E /* ActiveRecordTableView.h */; };
		F32640311D8B0FA6001C160E /* ActiveRecordTableView.m in Sources */ = {isa = PBXBuildFile; fileRef = F326402F1D8B0FA6001C160E /* ActiveRecordTableView.m */; };
		F32640351D8B0FD0001C160E /* TeacherTableViewCell.h in Headers */ = {isa = PBXBuildFile; fileRef = F32640321D8B0FD0001C160E /* TeacherTableViewCell.h */; };
		F32640361D8B0FD0001C160E /* TeacherTableViewCell.m in Sources */ = {isa = PBXBuildFile; fileRef = F32640331D8B0FD0001C160E /* TeacherTableViewCell.m */; };
		F32640371D8B0FD0001C160E /* TeacherTableViewCell.xib in Resources */ = {isa = PBXBuildFile; fileRef = F32640341D8B0FD0001C160E /* TeacherTableViewCell.xib */; };
		F39CC11F1D78338B001674A1 /* StudentClass.h in Headers */ = {isa = PBXBuildFile; fileRef = F39CC1171D78338B001674A1 /* StudentClass.h */; };
		F39CC1201D78338B001674A1 /* StudentClass.m in Sources */ = {isa = PBXBuildFile; fileRef = F39CC1181D78338B001674A1 /* StudentClass.m */; };
		F39CC1211D78338B001674A1 /* StudentClass+CoreDataProperties.h in Headers */ = {isa = PBXBuildFile; fileRef = F39CC1191D78338B001674A1 /* StudentClass+CoreDataProperties.h */; };
		F39CC1221D78338B001674A1 /* StudentClass+CoreDataProperties.m in Sources */ = {isa = PBXBuildFile; fileRef = F39CC11A1D78338B001674A1 /* StudentClass+CoreDataProperties.m */; };
		F39CC1231D78338B001674A1 /* Teacher.h in Headers */ = {isa = PBXBuildFile; fileRef = F39CC11B1D78338B001674A1 /* Teacher.h */; };
		F39CC1241D78338B001674A1 /* Teacher.m in Sources */ = {isa = PBXBuildFile; fileRef = F39CC11C1D78338B001674A1 /* Teacher.m */; };
		F39CC1251D78338B001674A1 /* Teacher+CoreDataProperties.h in Headers */ = {isa = PBXBuildFile; fileRef = F39CC11D1D78338B001674A1 /* Teacher+CoreDataProperties.h */; };
		F39CC1261D78338B001674A1 /* Teacher+CoreDataProperties.m in Sources */ = {isa = PBXBuildFile; fileRef = F39CC11E1D78338B001674A1 /* Teacher+CoreDataProperties.m */; };
		F39CC12B1D78339C001674A1 /* DAOFactory.h in Headers */ = {isa = PBXBuildFile; fileRef = F39CC1271D78339C001674A1 /* DAOFactory.h */; };
		F39CC12C1D78339C001674A1 /* DAOFactory.m in Sources */ = {isa = PBXBuildFile; fileRef = F39CC1281D78339C001674A1 /* DAOFactory.m */; };
		F39CC12D1D78339C001674A1 /* DAOProtocol.h in Headers */ = {isa = PBXBuildFile; fileRef = F39CC1291D78339C001674A1 /* DAOProtocol.h */; };
		F39CC12E1D78339C001674A1 /* TeacherDAO.h in Headers */ = {isa = PBXBuildFile; fileRef = F39CC12A1D78339C001674A1 /* TeacherDAO.h */; };
		F39CC1331D7833A9001674A1 /* RootCoreDataDAOImpl.h in Headers */ = {isa = PBXBuildFile; fileRef = F39CC12F1D7833A9001674A1 /* RootCoreDataDAOImpl.h */; };
		F39CC1341D7833A9001674A1 /* RootCoreDataDAOImpl.m in Sources */ = {isa = PBXBuildFile; fileRef = F39CC1301D7833A9001674A1 /* RootCoreDataDAOImpl.m */; };
		F39CC1351D7833A9001674A1 /* TeacherCoreDataDAOImpl.h in Headers */ = {isa = PBXBuildFile; fileRef = F39CC1311D7833A9001674A1 /* TeacherCoreDataDAOImpl.h */; };
		F39CC1361D7833A9001674A1 /* TeacherCoreDataDAOImpl.m in Sources */ = {isa = PBXBuildFile; fileRef = F39CC1321D7833A9001674A1 /* TeacherCoreDataDAOImpl.m */; };
		F39CC1391D7833BA001674A1 /* CoreDataManager.h in Headers */ = {isa = PBXBuildFile; fileRef = F39CC1371D7833BA001674A1 /* CoreDataManager.h */; };
		F39CC13A1D7833BA001674A1 /* CoreDataManager.m in Sources */ = {isa = PBXBuildFile; fileRef = F39CC1381D7833BA001674A1 /* CoreDataManager.m */; };
		F39CC13D1D7833D0001674A1 /* AppDelegate.h in Headers */ = {isa = PBXBuildFile; fileRef = F39CC13B1D7833D0001674A1 /* AppDelegate.h */; };
		F39CC13E1D7833D0001674A1 /* AppDelegate.m in Sources */ = {isa = PBXBuildFile; fileRef = F39CC13C1D7833D0001674A1 /* AppDelegate.m */; };
		F39CC1401D7833D8001674A1 /* Assets.xcassets in Resources */ = {isa = PBXBuildFile; fileRef = F39CC13F1D7833D8001674A1 /* Assets.xcassets */; };
		F39CC1431D7833EA001674A1 /* LaunchScreen.storyboard in Resources */ = {isa = PBXBuildFile; fileRef = F39CC1411D7833EA001674A1 /* LaunchScreen.storyboard */; };
		F39CC1441D7833EA001674A1 /* Main.storyboard in Resources */ = {isa = PBXBuildFile; fileRef = F39CC1421D7833EA001674A1 /* Main.storyboard */; };
		F39CC1471D78340F001674A1 /* MainViewController.h in Headers */ = {isa = PBXBuildFile; fileRef = F39CC1451D78340F001674A1 /* MainViewController.h */; };
		F39CC1481D78340F001674A1 /* MainViewController.m in Sources */ = {isa = PBXBuildFile; fileRef = F39CC1461D78340F001674A1 /* MainViewController.m */; };
		F39CC14D1D783423001674A1 /* Defined.h in Headers */ = {isa = PBXBuildFile; fileRef = F39CC1491D783423001674A1 /* Defined.h */; };
		F39CC14F1D783423001674A1 /* main.m in Sources */ = {isa = PBXBuildFile; fileRef = F39CC14B1D783423001674A1 /* main.m */; };
		F39CC1501D783423001674A1 /* PrefixHeader.pch in Headers */ = {isa = PBXBuildFile; fileRef = F39CC14C1D783423001674A1 /* PrefixHeader.pch */; };
		F3BF28A01BE9FBA6002AC4AE /* CoreData.framework in Frameworks */ = {isa = PBXBuildFile; fileRef = F3BF289F1BE9FBA6002AC4AE /* CoreData.framework */; };
		F3C4DE511D8F178400D5F57F /* BaseTableView.h in Headers */ = {isa = PBXBuildFile; fileRef = F3C4DE4F1D8F178400D5F57F /* BaseTableView.h */; };
		F3C4DE521D8F178400D5F57F /* BaseTableView.m in Sources */ = {isa = PBXBuildFile; fileRef = F3C4DE501D8F178400D5F57F /* BaseTableView.m */; };
		F3DE1A201D787A3E00E590D1 /* Model.xcdatamodeld in Sources */ = {isa = PBXBuildFile; fileRef = F3DE1A1E1D787A3E00E590D1 /* Model.xcdatamodeld */; };
/* End PBXBuildFile section */

/* Begin PBXFileReference section */
		F312E0881D8542C600168585 /* StudentClassDAO.h */ = {isa = PBXFileReference; lastKnownFileType = sourcecode.c.h; name = StudentClassDAO.h; path = DAO/StudentClassDAO.h; sourceTree = "<group>"; };
		F312E0891D85432E00168585 /* StudentClassCoreDataDAOImpl.h */ = {isa = PBXFileReference; fileEncoding = 4; lastKnownFileType = sourcecode.c.h; name = StudentClassCoreDataDAOImpl.h; path = DAO/CoreDataImpl/StudentClassCoreDataDAOImpl.h; sourceTree = "<group>"; };
		F312E08A1D85432E00168585 /* StudentClassCoreDataDAOImpl.m */ = {isa = PBXFileReference; fileEncoding = 4; lastKnownFileType = sourcecode.c.objc; name = StudentClassCoreDataDAOImpl.m; path = DAO/CoreDataImpl/StudentClassCoreDataDAOImpl.m; sourceTree = "<group>"; };
		F312E08E1D85497800168585 /* TeacherRealmDAOImpl.h */ = {isa = PBXFileReference; fileEncoding = 4; lastKnownFileType = sourcecode.c.h; name = TeacherRealmDAOImpl.h; path = DAO/RealmImpl/TeacherRealmDAOImpl.h; sourceTree = "<group>"; };
		F312E08F1D85497800168585 /* TeacherRealmDAOImpl.m */ = {isa = PBXFileReference; fileEncoding = 4; lastKnownFileType = sourcecode.c.objc; name = TeacherRealmDAOImpl.m; path = DAO/RealmImpl/TeacherRealmDAOImpl.m; sourceTree = "<group>"; };
		F312E0921D8549D800168585 /* StudentClassRealmDAOImpl.h */ = {isa = PBXFileReference; fileEncoding = 4; lastKnownFileType = sourcecode.c.h; name = StudentClassRealmDAOImpl.h; path = DAO/RealmImpl/StudentClassRealmDAOImpl.h; sourceTree = "<group>"; };
		F312E0931D8549D800168585 /* StudentClassRealmDAOImpl.m */ = {isa = PBXFileReference; fileEncoding = 4; lastKnownFileType = sourcecode.c.objc; name = StudentClassRealmDAOImpl.m; path = DAO/RealmImpl/StudentClassRealmDAOImpl.m; sourceTree = "<group>"; };
		F312E0961D854A0700168585 /* RootRealmDAOImpl.h */ = {isa = PBXFileReference; fileEncoding = 4; lastKnownFileType = sourcecode.c.h; name = RootRealmDAOImpl.h; path = DAO/RealmImpl/RootRealmDAOImpl.h; sourceTree = "<group>"; };
		F312E0971D854A0700168585 /* RootRealmDAOImpl.m */ = {isa = PBXFileReference; fileEncoding = 4; lastKnownFileType = sourcecode.c.objc; name = RootRealmDAOImpl.m; path = DAO/RealmImpl/RootRealmDAOImpl.m; sourceTree = "<group>"; };
		F326402A1D8B0F8D001C160E /* DAOTableView.h */ = {isa = PBXFileReference; fileEncoding = 4; lastKnownFileType = sourcecode.c.h; name = DAOTableView.h; path = UI/DAOTableView.h; sourceTree = "<group>"; };
		F326402B1D8B0F8D001C160E /* DAOTableView.m */ = {isa = PBXFileReference; fileEncoding = 4; lastKnownFileType = sourcecode.c.objc; name = DAOTableView.m; path = UI/DAOTableView.m; sourceTree = "<group>"; };
		F326402E1D8B0FA6001C160E /* ActiveRecordTableView.h */ = {isa = PBXFileReference; fileEncoding = 4; lastKnownFileType = sourcecode.c.h; name = ActiveRecordTableView.h; path = UI/ActiveRecordTableView.h; sourceTree = "<group>"; };
		F326402F1D8B0FA6001C160E /* ActiveRecordTableView.m */ = {isa = PBXFileReference; fileEncoding = 4; lastKnownFileType = sourcecode.c.objc; name = ActiveRecordTableView.m; path = UI/ActiveRecordTableView.m; sourceTree = "<group>"; };
		F32640321D8B0FD0001C160E /* TeacherTableViewCell.h */ = {isa = PBXFileReference; fileEncoding = 4; lastKnownFileType = sourcecode.c.h; name = TeacherTableViewCell.h; path = UI/TeacherTableViewCell.h; sourceTree = "<group>"; };
		F32640331D8B0FD0001C160E /* TeacherTableViewCell.m */ = {isa = PBXFileReference; fileEncoding = 4; lastKnownFileType = sourcecode.c.objc; name = TeacherTableViewCell.m; path = UI/TeacherTableViewCell.m; sourceTree = "<group>"; };
		F32640341D8B0FD0001C160E /* TeacherTableViewCell.xib */ = {isa = PBXFileReference; fileEncoding = 4; lastKnownFileType = file.xib; name = TeacherTableViewCell.xib; path = UI/TeacherTableViewCell.xib; sourceTree = "<group>"; };
		F39CC1171D78338B001674A1 /* StudentClass.h */ = {isa = PBXFileReference; fileEncoding = 4; lastKnownFileType = sourcecode.c.h; name = StudentClass.h; path = "coredata-test/Model/StudentClass.h"; sourceTree = SOURCE_ROOT; };
		F39CC1181D78338B001674A1 /* StudentClass.m */ = {isa = PBXFileReference; fileEncoding = 4; lastKnownFileType = sourcecode.c.objc; name = StudentClass.m; path = "coredata-test/Model/StudentClass.m"; sourceTree = SOURCE_ROOT; };
		F39CC1191D78338B001674A1 /* StudentClass+CoreDataProperties.h */ = {isa = PBXFileReference; fileEncoding = 4; lastKnownFileType = sourcecode.c.h; name = "StudentClass+CoreDataProperties.h"; path = "coredata-test/Model/StudentClass+CoreDataProperties.h"; sourceTree = SOURCE_ROOT; };
		F39CC11A1D78338B001674A1 /* StudentClass+CoreDataProperties.m */ = {isa = PBXFileReference; fileEncoding = 4; lastKnownFileType = sourcecode.c.objc; name = "StudentClass+CoreDataProperties.m"; path = "coredata-test/Model/StudentClass+CoreDataProperties.m"; sourceTree = SOURCE_ROOT; };
		F39CC11B1D78338B001674A1 /* Teacher.h */ = {isa = PBXFileReference; fileEncoding = 4; lastKnownFileType = sourcecode.c.h; name = Teacher.h; path = "coredata-test/Model/Teacher.h"; sourceTree = SOURCE_ROOT; };
		F39CC11C1D78338B001674A1 /* Teacher.m */ = {isa = PBXFileReference; fileEncoding = 4; lastKnownFileType = sourcecode.c.objc; name = Teacher.m; path = "coredata-test/Model/Teacher.m"; sourceTree = SOURCE_ROOT; };
		F39CC11D1D78338B001674A1 /* Teacher+CoreDataProperties.h */ = {isa = PBXFileReference; fileEncoding = 4; lastKnownFileType = sourcecode.c.h; name = "Teacher+CoreDataProperties.h"; path = "coredata-test/Model/Teacher+CoreDataProperties.h"; sourceTree = SOURCE_ROOT; };
		F39CC11E1D78338B001674A1 /* Teacher+CoreDataProperties.m */ = {isa = PBXFileReference; fileEncoding = 4; lastKnownFileType = sourcecode.c.objc; name = "Teacher+CoreDataProperties.m"; path = "coredata-test/Model/Teacher+CoreDataProperties.m"; sourceTree = SOURCE_ROOT; };
		F39CC1271D78339C001674A1 /* DAOFactory.h */ = {isa = PBXFileReference; fileEncoding = 4; lastKnownFileType = sourcecode.c.h; name = DAOFactory.h; path = "coredata-test/DAO/DAOFactory.h"; sourceTree = SOURCE_ROOT; };
		F39CC1281D78339C001674A1 /* DAOFactory.m */ = {isa = PBXFileReference; fileEncoding = 4; lastKnownFileType = sourcecode.c.objc; name = DAOFactory.m; path = "coredata-test/DAO/DAOFactory.m"; sourceTree = SOURCE_ROOT; };
		F39CC1291D78339C001674A1 /* DAOProtocol.h */ = {isa = PBXFileReference; fileEncoding = 4; lastKnownFileType = sourcecode.c.h; name = DAOProtocol.h; path = "coredata-test/DAO/DAOProtocol.h"; sourceTree = SOURCE_ROOT; };
		F39CC12A1D78339C001674A1 /* TeacherDAO.h */ = {isa = PBXFileReference; fileEncoding = 4; lastKnownFileType = sourcecode.c.h; name = TeacherDAO.h; path = "coredata-test/DAO/TeacherDAO.h"; sourceTree = SOURCE_ROOT; };
		F39CC12F1D7833A9001674A1 /* RootCoreDataDAOImpl.h */ = {isa = PBXFileReference; fileEncoding = 4; lastKnownFileType = sourcecode.c.h; name = RootCoreDataDAOImpl.h; path = "coredata-test/DAO/CoreDataImpl/RootCoreDataDAOImpl.h"; sourceTree = SOURCE_ROOT; };
		F39CC1301D7833A9001674A1 /* RootCoreDataDAOImpl.m */ = {isa = PBXFileReference; fileEncoding = 4; lastKnownFileType = sourcecode.c.objc; name = RootCoreDataDAOImpl.m; path = "coredata-test/DAO/CoreDataImpl/RootCoreDataDAOImpl.m"; sourceTree = SOURCE_ROOT; };
		F39CC1311D7833A9001674A1 /* TeacherCoreDataDAOImpl.h */ = {isa = PBXFileReference; fileEncoding = 4; lastKnownFileType = sourcecode.c.h; name = TeacherCoreDataDAOImpl.h; path = "coredata-test/DAO/CoreDataImpl/TeacherCoreDataDAOImpl.h"; sourceTree = SOURCE_ROOT; };
		F39CC1321D7833A9001674A1 /* TeacherCoreDataDAOImpl.m */ = {isa = PBXFileReference; fileEncoding = 4; lastKnownFileType = sourcecode.c.objc; name = TeacherCoreDataDAOImpl.m; path = "coredata-test/DAO/CoreDataImpl/TeacherCoreDataDAOImpl.m"; sourceTree = SOURCE_ROOT; };
		F39CC1371D7833BA001674A1 /* CoreDataManager.h */ = {isa = PBXFileReference; fileEncoding = 4; lastKnownFileType = sourcecode.c.h; name = CoreDataManager.h; path = "coredata-test/Helpers/CoreDataManager.h"; sourceTree = SOURCE_ROOT; };
		F39CC1381D7833BA001674A1 /* CoreDataManager.m */ = {isa = PBXFileReference; fileEncoding = 4; lastKnownFileType = sourcecode.c.objc; name = CoreDataManager.m; path = "coredata-test/Helpers/CoreDataManager.m"; sourceTree = SOURCE_ROOT; };
		F39CC13B1D7833D0001674A1 /* AppDelegate.h */ = {isa = PBXFileReference; fileEncoding = 4; lastKnownFileType = sourcecode.c.h; name = AppDelegate.h; path = "coredata-test/AppDelegate.h"; sourceTree = SOURCE_ROOT; };
		F39CC13C1D7833D0001674A1 /* AppDelegate.m */ = {isa = PBXFileReference; fileEncoding = 4; lastKnownFileType = sourcecode.c.objc; name = AppDelegate.m; path = "coredata-test/AppDelegate.m"; sourceTree = SOURCE_ROOT; };
		F39CC13F1D7833D8001674A1 /* Assets.xcassets */ = {isa = PBXFileReference; lastKnownFileType = folder.assetcatalog; name = Assets.xcassets; path = "coredata-test/Assets.xcassets"; sourceTree = SOURCE_ROOT; };
		F39CC1411D7833EA001674A1 /* LaunchScreen.storyboard */ = {isa = PBXFileReference; fileEncoding = 4; lastKnownFileType = file.storyboard; name = LaunchScreen.storyboard; path = "coredata-test/LaunchScreen.storyboard"; sourceTree = SOURCE_ROOT; };
		F39CC1421D7833EA001674A1 /* Main.storyboard */ = {isa = PBXFileReference; fileEncoding = 4; lastKnownFileType = file.storyboard; name = Main.storyboard; path = "coredata-test/Main.storyboard"; sourceTree = SOURCE_ROOT; };
		F39CC1451D78340F001674A1 /* MainViewController.h */ = {isa = PBXFileReference; fileEncoding = 4; lastKnownFileType = sourcecode.c.h; name = MainViewController.h; path = "coredata-test/MainViewController.h"; sourceTree = SOURCE_ROOT; };
		F39CC1461D78340F001674A1 /* MainViewController.m */ = {isa = PBXFileReference; fileEncoding = 4; lastKnownFileType = sourcecode.c.objc; name = MainViewController.m; path = "coredata-test/MainViewController.m"; sourceTree = SOURCE_ROOT; };
		F39CC1491D783423001674A1 /* Defined.h */ = {isa = PBXFileReference; fileEncoding = 4; lastKnownFileType = sourcecode.c.h; name = Defined.h; path = "coredata-test/Defined.h"; sourceTree = SOURCE_ROOT; };
		F39CC14A1D783423001674A1 /* Info.plist */ = {isa = PBXFileReference; fileEncoding = 4; lastKnownFileType = text.plist.xml; name = Info.plist; path = "coredata-test/Info.plist"; sourceTree = SOURCE_ROOT; };
		F39CC14B1D783423001674A1 /* main.m */ = {isa = PBXFileReference; fileEncoding = 4; lastKnownFileType = sourcecode.c.objc; name = main.m; path = "coredata-test/main.m"; sourceTree = SOURCE_ROOT; };
		F39CC14C1D783423001674A1 /* PrefixHeader.pch */ = {isa = PBXFileReference; fileEncoding = 4; lastKnownFileType = sourcecode.c.h; name = PrefixHeader.pch; path = "coredata-test/PrefixHeader.pch"; sourceTree = SOURCE_ROOT; };
		F3BDBCDC1BD4FAC00036A70B /* CoreData Test.app */ = {isa = PBXFileReference; explicitFileType = wrapper.application; includeInIndex = 0; path = "CoreData Test.app"; sourceTree = BUILT_PRODUCTS_DIR; };
		F3BF289F1BE9FBA6002AC4AE /* CoreData.framework */ = {isa = PBXFileReference; lastKnownFileType = wrapper.framework; name = CoreData.framework; path = System/Library/Frameworks/CoreData.framework; sourceTree = SDKROOT; };
		F3C4DE4F1D8F178400D5F57F /* BaseTableView.h */ = {isa = PBXFileReference; fileEncoding = 4; lastKnownFileType = sourcecode.c.h; name = BaseTableView.h; path = UI/BaseTableView.h; sourceTree = "<group>"; };
		F3C4DE501D8F178400D5F57F /* BaseTableView.m */ = {isa = PBXFileReference; fileEncoding = 4; lastKnownFileType = sourcecode.c.objc; name = BaseTableView.m; path = UI/BaseTableView.m; sourceTree = "<group>"; };
		F3DE1A1F1D787A3E00E590D1 /* Model.xcdatamodel */ = {isa = PBXFileReference; lastKnownFileType = wrapper.xcdatamodel; path = Model.xcdatamodel; sourceTree = "<group>"; };
/* End PBXFileReference section */

/* Begin PBXFrameworksBuildPhase section */
		F3BDBCD91BD4FAC00036A70B /* Frameworks */ = {
			isa = PBXFrameworksBuildPhase;
			buildActionMask = 2147483647;
			files = (
				F3BF28A01BE9FBA6002AC4AE /* CoreData.framework in Frameworks */,
			);
			runOnlyForDeploymentPostprocessing = 0;
		};
/* End PBXFrameworksBuildPhase section */

/* Begin PBXGroup section */
		F312E08D1D85492600168585 /* RealmImpl (fake) */ = {
			isa = PBXGroup;
			children = (
				F312E0961D854A0700168585 /* RootRealmDAOImpl.h */,
				F312E0971D854A0700168585 /* RootRealmDAOImpl.m */,
				F312E08E1D85497800168585 /* TeacherRealmDAOImpl.h */,
				F312E08F1D85497800168585 /* TeacherRealmDAOImpl.m */,
				F312E0921D8549D800168585 /* StudentClassRealmDAOImpl.h */,
				F312E0931D8549D800168585 /* StudentClassRealmDAOImpl.m */,
			);
			name = "RealmImpl (fake)";
			sourceTree = "<group>";
		};
		F32640291D8B0F42001C160E /* UI */ = {
			isa = PBXGroup;
			children = (
				F3C4DE4F1D8F178400D5F57F /* BaseTableView.h */,
				F3C4DE501D8F178400D5F57F /* BaseTableView.m */,
				F326402A1D8B0F8D001C160E /* DAOTableView.h */,
				F326402B1D8B0F8D001C160E /* DAOTableView.m */,
				F326402E1D8B0FA6001C160E /* ActiveRecordTableView.h */,
				F326402F1D8B0FA6001C160E /* ActiveRecordTableView.m */,
				F32640321D8B0FD0001C160E /* TeacherTableViewCell.h */,
				F32640331D8B0FD0001C160E /* TeacherTableViewCell.m */,
				F32640341D8B0FD0001C160E /* TeacherTableViewCell.xib */,
			);
			name = UI;
			sourceTree = "<group>";
		};
		F39986C61BECA0F1006724D7 /* DAO */ = {
			isa = PBXGroup;
			children = (
				F312E08D1D85492600168585 /* RealmImpl (fake) */,
				F39986CD1BECA71F006724D7 /* CoreDataImpl */,
				F39CC1271D78339C001674A1 /* DAOFactory.h */,
				F39CC1281D78339C001674A1 /* DAOFactory.m */,
				F39CC1291D78339C001674A1 /* DAOProtocol.h */,
				F39CC12A1D78339C001674A1 /* TeacherDAO.h */,
				F312E0881D8542C600168585 /* StudentClassDAO.h */,
			);
			name = DAO;
			sourceTree = "<group>";
		};
		F39986CD1BECA71F006724D7 /* CoreDataImpl */ = {
			isa = PBXGroup;
			children = (
				F39CC12F1D7833A9001674A1 /* RootCoreDataDAOImpl.h */,
				F39CC1301D7833A9001674A1 /* RootCoreDataDAOImpl.m */,
				F39CC1311D7833A9001674A1 /* TeacherCoreDataDAOImpl.h */,
				F39CC1321D7833A9001674A1 /* TeacherCoreDataDAOImpl.m */,
				F312E0891D85432E00168585 /* StudentClassCoreDataDAOImpl.h */,
				F312E08A1D85432E00168585 /* StudentClassCoreDataDAOImpl.m */,
			);
			name = CoreDataImpl;
			sourceTree = "<group>";
		};
		F3BDBCD31BD4FAC00036A70B = {
			isa = PBXGroup;
			children = (
				F3BF289F1BE9FBA6002AC4AE /* CoreData.framework */,
				F3BDBCDE1BD4FAC00036A70B /* coredate-test */,
				F3BDBCDD1BD4FAC00036A70B /* Products */,
			);
			sourceTree = "<group>";
		};
		F3BDBCDD1BD4FAC00036A70B /* Products */ = {
			isa = PBXGroup;
			children = (
				F3BDBCDC1BD4FAC00036A70B /* CoreData Test.app */,
			);
			name = Products;
			sourceTree = "<group>";
		};
		F3BDBCDE1BD4FAC00036A70B /* coredate-test */ = {
			isa = PBXGroup;
			children = (
				F3DE1A1E1D787A3E00E590D1 /* Model.xcdatamodeld */,
				F3BF28AC1BEA35FA002AC4AE /* Model+ActiveRecord */,
				F39986C61BECA0F1006724D7 /* DAO */,
				F3D6A4421BD77347002CE54E /* Helpers */,
				F39CC13B1D7833D0001674A1 /* AppDelegate.h */,
				F39CC13C1D7833D0001674A1 /* AppDelegate.m */,
				F39CC1411D7833EA001674A1 /* LaunchScreen.storyboard */,
				F32640291D8B0F42001C160E /* UI */,
				F39CC1421D7833EA001674A1 /* Main.storyboard */,
				F39CC1451D78340F001674A1 /* MainViewController.h */,
				F39CC1461D78340F001674A1 /* MainViewController.m */,
				F39CC13F1D7833D8001674A1 /* Assets.xcassets */,
				F3BDBCDF1BD4FAC00036A70B /* Supporting Files */,
			);
			name = "coredate-test";
			path = "coredata-test";
			sourceTree = "<group>";
		};
		F3BDBCDF1BD4FAC00036A70B /* Supporting Files */ = {
			isa = PBXGroup;
			children = (
				F39CC1491D783423001674A1 /* Defined.h */,
				F39CC14A1D783423001674A1 /* Info.plist */,
				F39CC14B1D783423001674A1 /* main.m */,
				F39CC14C1D783423001674A1 /* PrefixHeader.pch */,
			);
			name = "Supporting Files";
			sourceTree = "<group>";
		};
		F3BF28AC1BEA35FA002AC4AE /* Model+ActiveRecord */ = {
			isa = PBXGroup;
			children = (
				F39CC1171D78338B001674A1 /* StudentClass.h */,
				F39CC1181D78338B001674A1 /* StudentClass.m */,
				F39CC1191D78338B001674A1 /* StudentClass+CoreDataProperties.h */,
				F39CC11A1D78338B001674A1 /* StudentClass+CoreDataProperties.m */,
				F39CC11B1D78338B001674A1 /* Teacher.h */,
				F39CC11C1D78338B001674A1 /* Teacher.m */,
				F39CC11D1D78338B001674A1 /* Teacher+CoreDataProperties.h */,
				F39CC11E1D78338B001674A1 /* Teacher+CoreDataProperties.m */,
			);
			name = "Model+ActiveRecord";
			sourceTree = "<group>";
		};
		F3D6A4421BD77347002CE54E /* Helpers */ = {
			isa = PBXGroup;
			children = (
				F39CC1371D7833BA001674A1 /* CoreDataManager.h */,
				F39CC1381D7833BA001674A1 /* CoreDataManager.m */,
			);
			name = Helpers;
			sourceTree = "<group>";
		};
/* End PBXGroup section */

/* Begin PBXHeadersBuildPhase section */
		F3A0F88D1BFF250100F80A62 /* Headers */ = {
			isa = PBXHeadersBuildPhase;
			buildActionMask = 2147483647;
			files = (
				F312E08B1D85432E00168585 /* StudentClassCoreDataDAOImpl.h in Headers */,
				F312E0981D854A0700168585 /* RootRealmDAOImpl.h in Headers */,
				F39CC1501D783423001674A1 /* PrefixHeader.pch in Headers */,
				F32640301D8B0FA6001C160E /* ActiveRecordTableView.h in Headers */,
				F32640351D8B0FD0001C160E /* TeacherTableViewCell.h in Headers */,
				F39CC1471D78340F001674A1 /* MainViewController.h in Headers */,
				F39CC1331D7833A9001674A1 /* RootCoreDataDAOImpl.h in Headers */,
				F39CC1351D7833A9001674A1 /* TeacherCoreDataDAOImpl.h in Headers */,
				F39CC12B1D78339C001674A1 /* DAOFactory.h in Headers */,
				F312E0941D8549D800168585 /* StudentClassRealmDAOImpl.h in Headers */,
				F39CC13D1D7833D0001674A1 /* AppDelegate.h in Headers */,
				F39CC1211D78338B001674A1 /* StudentClass+CoreDataProperties.h in Headers */,
				F39CC1231D78338B001674A1 /* Teacher.h in Headers */,
				F39CC12E1D78339C001674A1 /* TeacherDAO.h in Headers */,
				F39CC11F1D78338B001674A1 /* StudentClass.h in Headers */,
				F39CC1391D7833BA001674A1 /* CoreDataManager.h in Headers */,
				F39CC1251D78338B001674A1 /* Teacher+CoreDataProperties.h in Headers */,
				F3C4DE511D8F178400D5F57F /* BaseTableView.h in Headers */,
				F39CC12D1D78339C001674A1 /* DAOProtocol.h in Headers */,
				F312E0901D85497800168585 /* TeacherRealmDAOImpl.h in Headers */,
				F326402C1D8B0F8D001C160E /* DAOTableView.h in Headers */,
				F39CC14D1D783423001674A1 /* Defined.h in Headers */,
			);
			runOnlyForDeploymentPostprocessing = 0;
		};
/* End PBXHeadersBuildPhase section */

/* Begin PBXNativeTarget section */
		F3BDBCDB1BD4FAC00036A70B /* CoreData Test */ = {
			isa = PBXNativeTarget;
			buildConfigurationList = F3BDBD091BD4FAC00036A70B /* Build configuration list for PBXNativeTarget "CoreData Test" */;
			buildPhases = (
				F3BDBCD81BD4FAC00036A70B /* Sources */,
				F3BDBCD91BD4FAC00036A70B /* Frameworks */,
				F3BDBCDA1BD4FAC00036A70B /* Resources */,
				F3A0F88D1BFF250100F80A62 /* Headers */,
				1A0BCE831C48F63E0071D416 /* ShellScript */,
			);
			buildRules = (
			);
			dependencies = (
			);
			name = "CoreData Test";
			productName = "cegid-mobiz";
			productReference = F3BDBCDC1BD4FAC00036A70B /* CoreData Test.app */;
			productType = "com.apple.product-type.application";
		};
/* End PBXNativeTarget section */

/* Begin PBXProject section */
		F3BDBCD41BD4FAC00036A70B /* Project object */ = {
			isa = PBXProject;
			attributes = {
				LastUpgradeCheck = 0800;
				ORGANIZATIONNAME = Keyrus;
				TargetAttributes = {
					F3BDBCDB1BD4FAC00036A70B = {
						CreatedOnToolsVersion = 7.0.1;
						DevelopmentTeam = 56UYYJ857L;
						SystemCapabilities = {
							com.apple.DataProtection = {
								enabled = 1;
							};
						};
					};
				};
			};
			buildConfigurationList = F3BDBCD71BD4FAC00036A70B /* Build configuration list for PBXProject "CoreData Test" */;
			compatibilityVersion = "Xcode 3.2";
			developmentRegion = English;
			hasScannedForEncodings = 0;
			knownRegions = (
				en,
				Base,
				fr,
			);
			mainGroup = F3BDBCD31BD4FAC00036A70B;
			productRefGroup = F3BDBCDD1BD4FAC00036A70B /* Products */;
			projectDirPath = "";
			projectRoot = "";
			targets = (
				F3BDBCDB1BD4FAC00036A70B /* CoreData Test */,
			);
		};
/* End PBXProject section */

/* Begin PBXResourcesBuildPhase section */
		F3BDBCDA1BD4FAC00036A70B /* Resources */ = {
			isa = PBXResourcesBuildPhase;
			buildActionMask = 2147483647;
			files = (
				F32640371D8B0FD0001C160E /* TeacherTableViewCell.xib in Resources */,
				F39CC1401D7833D8001674A1 /* Assets.xcassets in Resources */,
				F39CC1441D7833EA001674A1 /* Main.storyboard in Resources */,
				F39CC1431D7833EA001674A1 /* LaunchScreen.storyboard in Resources */,
			);
			runOnlyForDeploymentPostprocessing = 0;
		};
/* End PBXResourcesBuildPhase section */

/* Begin PBXShellScriptBuildPhase section */
		1A0BCE831C48F63E0071D416 /* ShellScript */ = {
			isa = PBXShellScriptBuildPhase;
			buildActionMask = 2147483647;
			files = (
			);
			inputPaths = (
			);
			outputPaths = (
			);
			runOnlyForDeploymentPostprocessing = 0;
			shellPath = /bin/sh;
			shellScript = "TAGS=\"TODO:|FIXME:\"\necho \"searching ${SRCROOT} for ${TAGS}\"\nfind \"${SRCROOT}\" \\( -name \"*.h\" -or -name \"*.m\" \\) -print0 | xargs -0 egrep --with-filename --line-number --only-matching \"($TAGS).*\\$\" | perl -p -e \"s/($TAGS)/ warning: \\$1/\"";
		};
/* End PBXShellScriptBuildPhase section */

/* Begin PBXSourcesBuildPhase section */
		F3BDBCD81BD4FAC00036A70B /* Sources */ = {
			isa = PBXSourcesBuildPhase;
			buildActionMask = 2147483647;
			files = (
				F39CC14F1D783423001674A1 /* main.m in Sources */,
				F312E0911D85497800168585 /* TeacherRealmDAOImpl.m in Sources */,
				F39CC1361D7833A9001674A1 /* TeacherCoreDataDAOImpl.m in Sources */,
				F39CC13A1D7833BA001674A1 /* CoreDataManager.m in Sources */,
				F312E08C1D85432E00168585 /* StudentClassCoreDataDAOImpl.m in Sources */,
				F39CC1261D78338B001674A1 /* Teacher+CoreDataProperties.m in Sources */,
				F39CC1341D7833A9001674A1 /* RootCoreDataDAOImpl.m in Sources */,
				F39CC1481D78340F001674A1 /* MainViewController.m in Sources */,
				F3C4DE521D8F178400D5F57F /* BaseTableView.m in Sources */,
				F312E0991D854A0700168585 /* RootRealmDAOImpl.m in Sources */,
				F39CC1221D78338B001674A1 /* StudentClass+CoreDataProperties.m in Sources */,
				F39CC1201D78338B001674A1 /* StudentClass.m in Sources */,
				F326402D1D8B0F8D001C160E /* DAOTableView.m in Sources */,
				F39CC1241D78338B001674A1 /* Teacher.m in Sources */,
				F312E0951D8549D800168585 /* StudentClassRealmDAOImpl.m in Sources */,
				F39CC13E1D7833D0001674A1 /* AppDelegate.m in Sources */,
				F39CC12C1D78339C001674A1 /* DAOFactory.m in Sources */,
				F32640311D8B0FA6001C160E /* ActiveRecordTableView.m in Sources */,
				F3DE1A201D787A3E00E590D1 /* Model.xcdatamodeld in Sources */,
				F32640361D8B0FD0001C160E /* TeacherTableViewCell.m in Sources */,
			);
			runOnlyForDeploymentPostprocessing = 0;
		};
/* End PBXSourcesBuildPhase section */

/* Begin XCBuildConfiguration section */
		F3BDBD071BD4FAC00036A70B /* Debug */ = {
			isa = XCBuildConfiguration;
			buildSettings = {
				ALWAYS_SEARCH_USER_PATHS = NO;
				CLANG_ANALYZER_LOCALIZABILITY_NONLOCALIZED = YES;
				CLANG_CXX_LANGUAGE_STANDARD = "gnu++0x";
				CLANG_CXX_LIBRARY = "libc++";
				CLANG_ENABLE_MODULES = YES;
				CLANG_ENABLE_OBJC_ARC = YES;
				CLANG_WARN_BOOL_CONVERSION = YES;
				CLANG_WARN_CONSTANT_CONVERSION = YES;
				CLANG_WARN_DIRECT_OBJC_ISA_USAGE = YES_ERROR;
				CLANG_WARN_EMPTY_BODY = YES;
				CLANG_WARN_ENUM_CONVERSION = YES;
				CLANG_WARN_INFINITE_RECURSION = YES;
				CLANG_WARN_INT_CONVERSION = YES;
				CLANG_WARN_OBJC_ROOT_CLASS = YES_ERROR;
				CLANG_WARN_SUSPICIOUS_MOVE = YES;
				CLANG_WARN_UNREACHABLE_CODE = YES;
				CLANG_WARN__DUPLICATE_METHOD_MATCH = YES;
				"CODE_SIGN_IDENTITY[sdk=iphoneos*]" = "iPhone Developer";
				COPY_PHASE_STRIP = NO;
				DEBUG_INFORMATION_FORMAT = dwarf;
				ENABLE_STRICT_OBJC_MSGSEND = YES;
				ENABLE_TESTABILITY = YES;
				GCC_C_LANGUAGE_STANDARD = gnu99;
				GCC_DYNAMIC_NO_PIC = NO;
				GCC_NO_COMMON_BLOCKS = YES;
				GCC_OPTIMIZATION_LEVEL = 0;
				GCC_PREPROCESSOR_DEFINITIONS = (
					"DEBUG=1",
					"$(inherited)",
				);
				GCC_WARN_64_TO_32_BIT_CONVERSION = YES;
				GCC_WARN_ABOUT_RETURN_TYPE = YES_ERROR;
				GCC_WARN_UNDECLARED_SELECTOR = YES;
				GCC_WARN_UNINITIALIZED_AUTOS = YES_AGGRESSIVE;
				GCC_WARN_UNUSED_FUNCTION = YES;
				GCC_WARN_UNUSED_VARIABLE = YES;
				IPHONEOS_DEPLOYMENT_TARGET = 8.0;
				MTL_ENABLE_DEBUG_INFO = YES;
				ONLY_ACTIVE_ARCH = YES;
				SDKROOT = iphoneos;
				TARGETED_DEVICE_FAMILY = "1,2";
			};
			name = Debug;
		};
		F3BDBD081BD4FAC00036A70B /* Release */ = {
			isa = XCBuildConfiguration;
			buildSettings = {
				ALWAYS_SEARCH_USER_PATHS = NO;
				CLANG_ANALYZER_LOCALIZABILITY_NONLOCALIZED = YES;
				CLANG_CXX_LANGUAGE_STANDARD = "gnu++0x";
				CLANG_CXX_LIBRARY = "libc++";
				CLANG_ENABLE_MODULES = YES;
				CLANG_ENABLE_OBJC_ARC = YES;
				CLANG_WARN_BOOL_CONVERSION = YES;
				CLANG_WARN_CONSTANT_CONVERSION = YES;
				CLANG_WARN_DIRECT_OBJC_ISA_USAGE = YES_ERROR;
				CLANG_WARN_EMPTY_BODY = YES;
				CLANG_WARN_ENUM_CONVERSION = YES;
				CLANG_WARN_INFINITE_RECURSION = YES;
				CLANG_WARN_INT_CONVERSION = YES;
				CLANG_WARN_OBJC_ROOT_CLASS = YES_ERROR;
				CLANG_WARN_SUSPICIOUS_MOVE = YES;
				CLANG_WARN_UNREACHABLE_CODE = YES;
				CLANG_WARN__DUPLICATE_METHOD_MATCH = YES;
				"CODE_SIGN_IDENTITY[sdk=iphoneos*]" = "iPhone Developer";
				COPY_PHASE_STRIP = NO;
				DEBUG_INFORMATION_FORMAT = "dwarf-with-dsym";
				ENABLE_NS_ASSERTIONS = NO;
				ENABLE_STRICT_OBJC_MSGSEND = YES;
				GCC_C_LANGUAGE_STANDARD = gnu99;
				GCC_NO_COMMON_BLOCKS = YES;
				GCC_WARN_64_TO_32_BIT_CONVERSION = YES;
				GCC_WARN_ABOUT_RETURN_TYPE = YES_ERROR;
				GCC_WARN_UNDECLARED_SELECTOR = YES;
				GCC_WARN_UNINITIALIZED_AUTOS = YES_AGGRESSIVE;
				GCC_WARN_UNUSED_FUNCTION = YES;
				GCC_WARN_UNUSED_VARIABLE = YES;
				IPHONEOS_DEPLOYMENT_TARGET = 8.0;
				MTL_ENABLE_DEBUG_INFO = NO;
				SDKROOT = iphoneos;
				TARGETED_DEVICE_FAMILY = "1,2";
				VALIDATE_PRODUCT = YES;
			};
			name = Release;
		};
		F3BDBD0A1BD4FAC00036A70B /* Debug */ = {
			isa = XCBuildConfiguration;
			buildSettings = {
				ASSETCATALOG_COMPILER_APPICON_NAME = AppIcon;
				ASSETCATALOG_COMPILER_LAUNCHIMAGE_NAME = LaunchImage;
				CODE_SIGN_IDENTITY = "";
				"CODE_SIGN_IDENTITY[sdk=iphoneos*]" = "";
				DEBUG_INFORMATION_FORMAT = "dwarf-with-dsym";
				FRAMEWORK_SEARCH_PATHS = (
					"$(inherited)",
					"$(PROJECT_DIR)",
				);
				GCC_PREFIX_HEADER = "coredata-test/PrefixHeader.pch";
				HEADER_SEARCH_PATHS = "";
				INFOPLIST_FILE = "coredata-test/Info.plist";
				LD_RUNPATH_SEARCH_PATHS = "$(inherited) @executable_path/Frameworks";
				OTHER_LDFLAGS = "-ObjC";
				PRODUCT_BUNDLE_IDENTIFIER = com.cocoaheads.coredatatest;
				PRODUCT_NAME = "CoreData Test";
				PROVISIONING_PROFILE = "e3344162-4a5b-439c-a108-ba8e1c8e474f";
			};
			name = Debug;
		};
		F3BDBD0B1BD4FAC00036A70B /* Release */ = {
			isa = XCBuildConfiguration;
			buildSettings = {
				ASSETCATALOG_COMPILER_APPICON_NAME = AppIcon;
				ASSETCATALOG_COMPILER_LAUNCHIMAGE_NAME = LaunchImage;
				CODE_SIGN_IDENTITY = "";
				"CODE_SIGN_IDENTITY[sdk=iphoneos*]" = "";
				FRAMEWORK_SEARCH_PATHS = (
					"$(inherited)",
					"$(PROJECT_DIR)",
				);
				GCC_PREFIX_HEADER = "coredata-test/PrefixHeader.pch";
				HEADER_SEARCH_PATHS = "";
				INFOPLIST_FILE = "coredata-test/Info.plist";
				LD_RUNPATH_SEARCH_PATHS = "$(inherited) @executable_path/Frameworks";
				OTHER_LDFLAGS = "-ObjC";
				PRODUCT_BUNDLE_IDENTIFIER = com.cocoaheads.coredatatest;
				PRODUCT_NAME = "CoreData Test";
				PROVISIONING_PROFILE = "e3344162-4a5b-439c-a108-ba8e1c8e474f";
			};
			name = Release;
		};
/* End XCBuildConfiguration section */

/* Begin XCConfigurationList section */
		F3BDBCD71BD4FAC00036A70B /* Build configuration list for PBXProject "CoreData Test" */ = {
			isa = XCConfigurationList;
			buildConfigurations = (
				F3BDBD071BD4FAC00036A70B /* Debug */,
				F3BDBD081BD4FAC00036A70B /* Release */,
			);
			defaultConfigurationIsVisible = 0;
			defaultConfigurationName = Release;
		};
		F3BDBD091BD4FAC00036A70B /* Build configuration list for PBXNativeTarget "CoreData Test" */ = {
			isa = XCConfigurationList;
			buildConfigurations = (
				F3BDBD0A1BD4FAC00036A70B /* Debug */,
				F3BDBD0B1BD4FAC00036A70B /* Release */,
			);
			defaultConfigurationIsVisible = 0;
			defaultConfigurationName = Release;
		};
/* End XCConfigurationList section */

/* Begin XCVersionGroup section */
		F3DE1A1E1D787A3E00E590D1 /* Model.xcdatamodeld */ = {
			isa = XCVersionGroup;
			children = (
				F3DE1A1F1D787A3E00E590D1 /* Model.xcdatamodel */,
			);
			currentVersion = F3DE1A1F1D787A3E00E590D1 /* Model.xcdatamodel */;
			path = Model.xcdatamodeld;
			sourceTree = "<group>";
			versionGroupType = wrapper.xcdatamodel;
		};
/* End XCVersionGroup section */
	};
	rootObject = F3BDBCD41BD4FAC00036A70B /* Project object */;
}
